// !$*UTF8*$!
{
	archiveVersion = 1;
	classes = {
	};
	objectVersion = 50;
	objects = {

/* Begin PBXBuildFile section */
		D02B12C023F687A30058804E /* GFItemInfoVC.swift in Sources */ = {isa = PBXBuildFile; fileRef = D02B12BF23F687A30058804E /* GFItemInfoVC.swift */; };
		D02B12C223F68B940058804E /* GFItemRepoVC.swift in Sources */ = {isa = PBXBuildFile; fileRef = D02B12C123F68B940058804E /* GFItemRepoVC.swift */; };
		D02B12C623F68E940058804E /* GFItemFollowersVC.swift in Sources */ = {isa = PBXBuildFile; fileRef = D02B12C523F68E940058804E /* GFItemFollowersVC.swift */; };
		D050648223E8FCA300DD3BD6 /* UIVewController+Ext.swift in Sources */ = {isa = PBXBuildFile; fileRef = D050648123E8FCA300DD3BD6 /* UIVewController+Ext.swift */; };
		D050648B23E910EF00DD3BD6 /* Follower.swift in Sources */ = {isa = PBXBuildFile; fileRef = D050648A23E910EF00DD3BD6 /* Follower.swift */; };
		D050648D23E911B100DD3BD6 /* User.swift in Sources */ = {isa = PBXBuildFile; fileRef = D050648C23E911B100DD3BD6 /* User.swift */; };
		D068C47E23EA0CFF006DB8EC /* GFEmptyStateView.swift in Sources */ = {isa = PBXBuildFile; fileRef = D068C47D23EA0CFF006DB8EC /* GFEmptyStateView.swift */; };
		D077C53F23E3C58800CFDCAC /* AppDelegate.swift in Sources */ = {isa = PBXBuildFile; fileRef = D077C53E23E3C58800CFDCAC /* AppDelegate.swift */; };
		D077C54123E3C58800CFDCAC /* SceneDelegate.swift in Sources */ = {isa = PBXBuildFile; fileRef = D077C54023E3C58800CFDCAC /* SceneDelegate.swift */; };
		D077C54823E3C58B00CFDCAC /* Assets.xcassets in Resources */ = {isa = PBXBuildFile; fileRef = D077C54723E3C58B00CFDCAC /* Assets.xcassets */; };
		D077C54B23E3C58B00CFDCAC /* LaunchScreen.storyboard in Resources */ = {isa = PBXBuildFile; fileRef = D077C54923E3C58B00CFDCAC /* LaunchScreen.storyboard */; };
		D077C55323E3CD2200CFDCAC /* SearchVC.swift in Sources */ = {isa = PBXBuildFile; fileRef = D077C55223E3CD2200CFDCAC /* SearchVC.swift */; };
		D077C55523E3CD6D00CFDCAC /* FavoritesListVC.swift in Sources */ = {isa = PBXBuildFile; fileRef = D077C55423E3CD6D00CFDCAC /* FavoritesListVC.swift */; };
		D092084C23ECEB2C0098085C /* GFError.swift in Sources */ = {isa = PBXBuildFile; fileRef = D092084B23ECEB2C0098085C /* GFError.swift */; };
		D092084F23ECEDB80098085C /* GFUserInfoHeaderVC.swift in Sources */ = {isa = PBXBuildFile; fileRef = D092084E23ECEDB80098085C /* GFUserInfoHeaderVC.swift */; };
		D092085423ECEF9B0098085C /* GFSecondaryTitleLabel.swift in Sources */ = {isa = PBXBuildFile; fileRef = D092085323ECEF9B0098085C /* GFSecondaryTitleLabel.swift */; };
		D092085A23ECF8660098085C /* Constants.swift in Sources */ = {isa = PBXBuildFile; fileRef = D092085923ECF8660098085C /* Constants.swift */; };
		D092085D23ED09AF0098085C /* GFItemInfoView.swift in Sources */ = {isa = PBXBuildFile; fileRef = D092085C23ED09AF0098085C /* GFItemInfoView.swift */; };
		D0954A6A23E63326000988BF /* FollowersListVC.swift in Sources */ = {isa = PBXBuildFile; fileRef = D0954A6923E63326000988BF /* FollowersListVC.swift */; };
		D0AE366423E61F1D00ECCAE4 /* GFButton.swift in Sources */ = {isa = PBXBuildFile; fileRef = D0AE366323E61F1D00ECCAE4 /* GFButton.swift */; };
		D0AE366623E6232300ECCAE4 /* GFTextField.swift in Sources */ = {isa = PBXBuildFile; fileRef = D0AE366523E6232300ECCAE4 /* GFTextField.swift */; };
		D0CAF27223E8F0D300E50CFA /* GFTitleLabel.swift in Sources */ = {isa = PBXBuildFile; fileRef = D0CAF27123E8F0D300E50CFA /* GFTitleLabel.swift */; };
		D0CAF27423E8F23C00E50CFA /* GFBodyLabel.swift in Sources */ = {isa = PBXBuildFile; fileRef = D0CAF27323E8F23C00E50CFA /* GFBodyLabel.swift */; };
		D0CAF27623E8F31100E50CFA /* GFAlertVC.swift in Sources */ = {isa = PBXBuildFile; fileRef = D0CAF27523E8F31100E50CFA /* GFAlertVC.swift */; };
		D0CBE2DE23EAB98B00AB8188 /* UserInfoVC.swift in Sources */ = {isa = PBXBuildFile; fileRef = D0CBE2DD23EAB98B00AB8188 /* UserInfoVC.swift */; };
		D0CD407B23E9181D00D332B2 /* NetworkManager.swift in Sources */ = {isa = PBXBuildFile; fileRef = D0CD407A23E9181D00D332B2 /* NetworkManager.swift */; };
		D0CD408123E92ED700D332B2 /* FollowerCell.swift in Sources */ = {isa = PBXBuildFile; fileRef = D0CD408023E92ED700D332B2 /* FollowerCell.swift */; };
		D0CD408323E92F5E00D332B2 /* GFAvatarImageView.swift in Sources */ = {isa = PBXBuildFile; fileRef = D0CD408223E92F5E00D332B2 /* GFAvatarImageView.swift */; };
		D0D3150F23F7E1A100684AB6 /* Date+Ext.swift in Sources */ = {isa = PBXBuildFile; fileRef = D0D3150E23F7E1A100684AB6 /* Date+Ext.swift */; };
		D0D3151123F7E1D800684AB6 /* String+Ext.swift in Sources */ = {isa = PBXBuildFile; fileRef = D0D3151023F7E1D800684AB6 /* String+Ext.swift */; };
		D0E1099223E9667D00A3A6C8 /* UIHelper.swift in Sources */ = {isa = PBXBuildFile; fileRef = D0E1099123E9667D00A3A6C8 /* UIHelper.swift */; };
/* End PBXBuildFile section */

/* Begin PBXFileReference section */
		D02B12BF23F687A30058804E /* GFItemInfoVC.swift */ = {isa = PBXFileReference; lastKnownFileType = sourcecode.swift; path = GFItemInfoVC.swift; sourceTree = "<group>"; };
		D02B12C123F68B940058804E /* GFItemRepoVC.swift */ = {isa = PBXFileReference; lastKnownFileType = sourcecode.swift; path = GFItemRepoVC.swift; sourceTree = "<group>"; };
		D02B12C523F68E940058804E /* GFItemFollowersVC.swift */ = {isa = PBXFileReference; lastKnownFileType = sourcecode.swift; path = GFItemFollowersVC.swift; sourceTree = "<group>"; };
		D050648123E8FCA300DD3BD6 /* UIVewController+Ext.swift */ = {isa = PBXFileReference; lastKnownFileType = sourcecode.swift; path = "UIVewController+Ext.swift"; sourceTree = "<group>"; };
		D050648A23E910EF00DD3BD6 /* Follower.swift */ = {isa = PBXFileReference; lastKnownFileType = sourcecode.swift; path = Follower.swift; sourceTree = "<group>"; };
		D050648C23E911B100DD3BD6 /* User.swift */ = {isa = PBXFileReference; lastKnownFileType = sourcecode.swift; path = User.swift; sourceTree = "<group>"; };
		D068C47D23EA0CFF006DB8EC /* GFEmptyStateView.swift */ = {isa = PBXFileReference; lastKnownFileType = sourcecode.swift; path = GFEmptyStateView.swift; sourceTree = "<group>"; };
		D077C53B23E3C58800CFDCAC /* GHFollowers.app */ = {isa = PBXFileReference; explicitFileType = wrapper.application; includeInIndex = 0; path = GHFollowers.app; sourceTree = BUILT_PRODUCTS_DIR; };
		D077C53E23E3C58800CFDCAC /* AppDelegate.swift */ = {isa = PBXFileReference; lastKnownFileType = sourcecode.swift; path = AppDelegate.swift; sourceTree = "<group>"; };
		D077C54023E3C58800CFDCAC /* SceneDelegate.swift */ = {isa = PBXFileReference; lastKnownFileType = sourcecode.swift; path = SceneDelegate.swift; sourceTree = "<group>"; };
		D077C54723E3C58B00CFDCAC /* Assets.xcassets */ = {isa = PBXFileReference; lastKnownFileType = folder.assetcatalog; path = Assets.xcassets; sourceTree = "<group>"; };
		D077C54A23E3C58B00CFDCAC /* Base */ = {isa = PBXFileReference; lastKnownFileType = file.storyboard; name = Base; path = Base.lproj/LaunchScreen.storyboard; sourceTree = "<group>"; };
		D077C54C23E3C58B00CFDCAC /* Info.plist */ = {isa = PBXFileReference; lastKnownFileType = text.plist.xml; path = Info.plist; sourceTree = "<group>"; };
		D077C55223E3CD2200CFDCAC /* SearchVC.swift */ = {isa = PBXFileReference; lastKnownFileType = sourcecode.swift; path = SearchVC.swift; sourceTree = "<group>"; };
		D077C55423E3CD6D00CFDCAC /* FavoritesListVC.swift */ = {isa = PBXFileReference; lastKnownFileType = sourcecode.swift; path = FavoritesListVC.swift; sourceTree = "<group>"; };
		D092084B23ECEB2C0098085C /* GFError.swift */ = {isa = PBXFileReference; lastKnownFileType = sourcecode.swift; path = GFError.swift; sourceTree = "<group>"; };
		D092084E23ECEDB80098085C /* GFUserInfoHeaderVC.swift */ = {isa = PBXFileReference; lastKnownFileType = sourcecode.swift; path = GFUserInfoHeaderVC.swift; sourceTree = "<group>"; };
		D092085323ECEF9B0098085C /* GFSecondaryTitleLabel.swift */ = {isa = PBXFileReference; lastKnownFileType = sourcecode.swift; path = GFSecondaryTitleLabel.swift; sourceTree = "<group>"; };
		D092085923ECF8660098085C /* Constants.swift */ = {isa = PBXFileReference; lastKnownFileType = sourcecode.swift; path = Constants.swift; sourceTree = SOURCE_ROOT; };
		D092085C23ED09AF0098085C /* GFItemInfoView.swift */ = {isa = PBXFileReference; lastKnownFileType = sourcecode.swift; path = GFItemInfoView.swift; sourceTree = "<group>"; };
		D0954A6923E63326000988BF /* FollowersListVC.swift */ = {isa = PBXFileReference; lastKnownFileType = sourcecode.swift; path = FollowersListVC.swift; sourceTree = "<group>"; };
		D0AE366323E61F1D00ECCAE4 /* GFButton.swift */ = {isa = PBXFileReference; lastKnownFileType = sourcecode.swift; path = GFButton.swift; sourceTree = "<group>"; };
		D0AE366523E6232300ECCAE4 /* GFTextField.swift */ = {isa = PBXFileReference; lastKnownFileType = sourcecode.swift; path = GFTextField.swift; sourceTree = "<group>"; };
		D0CAF27123E8F0D300E50CFA /* GFTitleLabel.swift */ = {isa = PBXFileReference; lastKnownFileType = sourcecode.swift; path = GFTitleLabel.swift; sourceTree = "<group>"; };
		D0CAF27323E8F23C00E50CFA /* GFBodyLabel.swift */ = {isa = PBXFileReference; lastKnownFileType = sourcecode.swift; path = GFBodyLabel.swift; sourceTree = "<group>"; };
		D0CAF27523E8F31100E50CFA /* GFAlertVC.swift */ = {isa = PBXFileReference; lastKnownFileType = sourcecode.swift; path = GFAlertVC.swift; sourceTree = "<group>"; };
		D0CBE2DD23EAB98B00AB8188 /* UserInfoVC.swift */ = {isa = PBXFileReference; lastKnownFileType = sourcecode.swift; path = UserInfoVC.swift; sourceTree = "<group>"; };
		D0CD407A23E9181D00D332B2 /* NetworkManager.swift */ = {isa = PBXFileReference; lastKnownFileType = sourcecode.swift; path = NetworkManager.swift; sourceTree = "<group>"; };
		D0CD408023E92ED700D332B2 /* FollowerCell.swift */ = {isa = PBXFileReference; lastKnownFileType = sourcecode.swift; path = FollowerCell.swift; sourceTree = "<group>"; };
		D0CD408223E92F5E00D332B2 /* GFAvatarImageView.swift */ = {isa = PBXFileReference; lastKnownFileType = sourcecode.swift; path = GFAvatarImageView.swift; sourceTree = "<group>"; };
		D0D3150E23F7E1A100684AB6 /* Date+Ext.swift */ = {isa = PBXFileReference; lastKnownFileType = sourcecode.swift; path = "Date+Ext.swift"; sourceTree = "<group>"; };
		D0D3151023F7E1D800684AB6 /* String+Ext.swift */ = {isa = PBXFileReference; lastKnownFileType = sourcecode.swift; path = "String+Ext.swift"; sourceTree = "<group>"; };
		D0E1099123E9667D00A3A6C8 /* UIHelper.swift */ = {isa = PBXFileReference; lastKnownFileType = sourcecode.swift; path = UIHelper.swift; sourceTree = "<group>"; };
/* End PBXFileReference section */

/* Begin PBXFrameworksBuildPhase section */
		D077C53823E3C58800CFDCAC /* Frameworks */ = {
			isa = PBXFrameworksBuildPhase;
			buildActionMask = 2147483647;
			files = (
			);
			runOnlyForDeploymentPostprocessing = 0;
		};
/* End PBXFrameworksBuildPhase section */

/* Begin PBXGroup section */
		D050648323E8FFA500DD3BD6 /* Screens */ = {
			isa = PBXGroup;
			children = (
				D077C55223E3CD2200CFDCAC /* SearchVC.swift */,
				D077C55423E3CD6D00CFDCAC /* FavoritesListVC.swift */,
				D0954A6923E63326000988BF /* FollowersListVC.swift */,
				D0CBE2DD23EAB98B00AB8188 /* UserInfoVC.swift */,
			);
			path = Screens;
			sourceTree = "<group>";
		};
		D050648423E8FFE000DD3BD6 /* Custom Views */ = {
			isa = PBXGroup;
			children = (
				D092085B23ED098A0098085C /* Views */,
				D092085023ECEE140098085C /* Labels */,
				D092084D23ECED640098085C /* ViewControllers */,
				D0CD407F23E92EB600D332B2 /* Cells */,
				D0AE366323E61F1D00ECCAE4 /* GFButton.swift */,
				D0AE366523E6232300ECCAE4 /* GFTextField.swift */,
				D0CD408223E92F5E00D332B2 /* GFAvatarImageView.swift */,
			);
			path = "Custom Views";
			sourceTree = "<group>";
		};
		D050648523E9002800DD3BD6 /* Extensions */ = {
			isa = PBXGroup;
			children = (
				D050648123E8FCA300DD3BD6 /* UIVewController+Ext.swift */,
				D0D3150E23F7E1A100684AB6 /* Date+Ext.swift */,
				D0D3151023F7E1D800684AB6 /* String+Ext.swift */,
			);
			path = Extensions;
			sourceTree = "<group>";
		};
		D050648623E9009D00DD3BD6 /* Support */ = {
			isa = PBXGroup;
			children = (
				D077C53E23E3C58800CFDCAC /* AppDelegate.swift */,
				D077C54023E3C58800CFDCAC /* SceneDelegate.swift */,
				D077C54723E3C58B00CFDCAC /* Assets.xcassets */,
				D077C54923E3C58B00CFDCAC /* LaunchScreen.storyboard */,
			);
			path = Support;
			sourceTree = "<group>";
		};
		D050648923E910DF00DD3BD6 /* Model */ = {
			isa = PBXGroup;
			children = (
				D050648A23E910EF00DD3BD6 /* Follower.swift */,
				D050648C23E911B100DD3BD6 /* User.swift */,
			);
			path = Model;
			sourceTree = "<group>";
		};
		D077C53223E3C58800CFDCAC = {
			isa = PBXGroup;
			children = (
				D077C53D23E3C58800CFDCAC /* GHFollowers */,
				D077C53C23E3C58800CFDCAC /* Products */,
			);
			sourceTree = "<group>";
		};
		D077C53C23E3C58800CFDCAC /* Products */ = {
			isa = PBXGroup;
			children = (
				D077C53B23E3C58800CFDCAC /* GHFollowers.app */,
			);
			name = Products;
			sourceTree = "<group>";
		};
		D077C53D23E3C58800CFDCAC /* GHFollowers */ = {
			isa = PBXGroup;
			children = (
				D0CD407C23E9230A00D332B2 /* Utilities */,
				D0CD407923E9180900D332B2 /* Managers */,
				D077C54C23E3C58B00CFDCAC /* Info.plist */,
				D050648923E910DF00DD3BD6 /* Model */,
				D050648623E9009D00DD3BD6 /* Support */,
				D050648523E9002800DD3BD6 /* Extensions */,
				D050648423E8FFE000DD3BD6 /* Custom Views */,
				D050648323E8FFA500DD3BD6 /* Screens */,
			);
			path = GHFollowers;
			sourceTree = "<group>";
		};
		D092084D23ECED640098085C /* ViewControllers */ = {
			isa = PBXGroup;
			children = (
				D0CAF27523E8F31100E50CFA /* GFAlertVC.swift */,
				D092084E23ECEDB80098085C /* GFUserInfoHeaderVC.swift */,
				D02B12BF23F687A30058804E /* GFItemInfoVC.swift */,
				D02B12C123F68B940058804E /* GFItemRepoVC.swift */,
				D02B12C523F68E940058804E /* GFItemFollowersVC.swift */,
			);
			path = ViewControllers;
			sourceTree = "<group>";
		};
		D092085023ECEE140098085C /* Labels */ = {
			isa = PBXGroup;
			children = (
				D0CAF27123E8F0D300E50CFA /* GFTitleLabel.swift */,
				D0CAF27323E8F23C00E50CFA /* GFBodyLabel.swift */,
				D092085323ECEF9B0098085C /* GFSecondaryTitleLabel.swift */,
			);
			path = Labels;
			sourceTree = "<group>";
		};
		D092085B23ED098A0098085C /* Views */ = {
			isa = PBXGroup;
			children = (
				D068C47D23EA0CFF006DB8EC /* GFEmptyStateView.swift */,
				D092085C23ED09AF0098085C /* GFItemInfoView.swift */,
			);
			path = Views;
			sourceTree = "<group>";
		};
		D0CD407923E9180900D332B2 /* Managers */ = {
			isa = PBXGroup;
			children = (
				D0CD407A23E9181D00D332B2 /* NetworkManager.swift */,
			);
			path = Managers;
			sourceTree = "<group>";
		};
		D0CD407C23E9230A00D332B2 /* Utilities */ = {
			isa = PBXGroup;
			children = (
				D092085923ECF8660098085C /* Constants.swift */,
				D0E1099123E9667D00A3A6C8 /* UIHelper.swift */,
				D092084B23ECEB2C0098085C /* GFError.swift */,
			);
			path = Utilities;
			sourceTree = "<group>";
		};
		D0CD407F23E92EB600D332B2 /* Cells */ = {
			isa = PBXGroup;
			children = (
				D0CD408023E92ED700D332B2 /* FollowerCell.swift */,
			);
			path = Cells;
			sourceTree = "<group>";
		};
/* End PBXGroup section */

/* Begin PBXNativeTarget section */
		D077C53A23E3C58800CFDCAC /* GHFollowers */ = {
			isa = PBXNativeTarget;
			buildConfigurationList = D077C54F23E3C58B00CFDCAC /* Build configuration list for PBXNativeTarget "GHFollowers" */;
			buildPhases = (
				D077C53723E3C58800CFDCAC /* Sources */,
				D077C53823E3C58800CFDCAC /* Frameworks */,
				D077C53923E3C58800CFDCAC /* Resources */,
			);
			buildRules = (
			);
			dependencies = (
			);
			name = GHFollowers;
			productName = GHFollowers;
			productReference = D077C53B23E3C58800CFDCAC /* GHFollowers.app */;
			productType = "com.apple.product-type.application";
		};
/* End PBXNativeTarget section */

/* Begin PBXProject section */
		D077C53323E3C58800CFDCAC /* Project object */ = {
			isa = PBXProject;
			attributes = {
				LastSwiftUpdateCheck = 1130;
				LastUpgradeCheck = 1130;
				ORGANIZATIONNAME = "Aleksei Zakharov";
				TargetAttributes = {
					D077C53A23E3C58800CFDCAC = {
						CreatedOnToolsVersion = 11.3.1;
					};
				};
			};
			buildConfigurationList = D077C53623E3C58800CFDCAC /* Build configuration list for PBXProject "GHFollowers" */;
			compatibilityVersion = "Xcode 9.3";
			developmentRegion = en;
			hasScannedForEncodings = 0;
			knownRegions = (
				en,
				Base,
			);
			mainGroup = D077C53223E3C58800CFDCAC;
			productRefGroup = D077C53C23E3C58800CFDCAC /* Products */;
			projectDirPath = "";
			projectRoot = "";
			targets = (
				D077C53A23E3C58800CFDCAC /* GHFollowers */,
			);
		};
/* End PBXProject section */

/* Begin PBXResourcesBuildPhase section */
		D077C53923E3C58800CFDCAC /* Resources */ = {
			isa = PBXResourcesBuildPhase;
			buildActionMask = 2147483647;
			files = (
				D077C54B23E3C58B00CFDCAC /* LaunchScreen.storyboard in Resources */,
				D077C54823E3C58B00CFDCAC /* Assets.xcassets in Resources */,
			);
			runOnlyForDeploymentPostprocessing = 0;
		};
/* End PBXResourcesBuildPhase section */

/* Begin PBXSourcesBuildPhase section */
		D077C53723E3C58800CFDCAC /* Sources */ = {
			isa = PBXSourcesBuildPhase;
			buildActionMask = 2147483647;
			files = (
				D050648D23E911B100DD3BD6 /* User.swift in Sources */,
				D02B12C623F68E940058804E /* GFItemFollowersVC.swift in Sources */,
				D050648223E8FCA300DD3BD6 /* UIVewController+Ext.swift in Sources */,
				D0D3151123F7E1D800684AB6 /* String+Ext.swift in Sources */,
				D077C55323E3CD2200CFDCAC /* SearchVC.swift in Sources */,
				D0954A6A23E63326000988BF /* FollowersListVC.swift in Sources */,
				D0AE366423E61F1D00ECCAE4 /* GFButton.swift in Sources */,
				D0E1099223E9667D00A3A6C8 /* UIHelper.swift in Sources */,
				D02B12C023F687A30058804E /* GFItemInfoVC.swift in Sources */,
				D092085A23ECF8660098085C /* Constants.swift in Sources */,
				D077C55523E3CD6D00CFDCAC /* FavoritesListVC.swift in Sources */,
				D0CAF27623E8F31100E50CFA /* GFAlertVC.swift in Sources */,
				D0CD408123E92ED700D332B2 /* FollowerCell.swift in Sources */,
				D092085D23ED09AF0098085C /* GFItemInfoView.swift in Sources */,
				D077C53F23E3C58800CFDCAC /* AppDelegate.swift in Sources */,
				D050648B23E910EF00DD3BD6 /* Follower.swift in Sources */,
				D02B12C223F68B940058804E /* GFItemRepoVC.swift in Sources */,
				D092084F23ECEDB80098085C /* GFUserInfoHeaderVC.swift in Sources */,
				D092084C23ECEB2C0098085C /* GFError.swift in Sources */,
				D0CAF27223E8F0D300E50CFA /* GFTitleLabel.swift in Sources */,
				D0D3150F23F7E1A100684AB6 /* Date+Ext.swift in Sources */,
				D0CD408323E92F5E00D332B2 /* GFAvatarImageView.swift in Sources */,
				D092085423ECEF9B0098085C /* GFSecondaryTitleLabel.swift in Sources */,
				D068C47E23EA0CFF006DB8EC /* GFEmptyStateView.swift in Sources */,
				D0CD407B23E9181D00D332B2 /* NetworkManager.swift in Sources */,
				D077C54123E3C58800CFDCAC /* SceneDelegate.swift in Sources */,
				D0AE366623E6232300ECCAE4 /* GFTextField.swift in Sources */,
				D0CAF27423E8F23C00E50CFA /* GFBodyLabel.swift in Sources */,
				D0CBE2DE23EAB98B00AB8188 /* UserInfoVC.swift in Sources */,
			);
			runOnlyForDeploymentPostprocessing = 0;
		};
/* End PBXSourcesBuildPhase section */

/* Begin PBXVariantGroup section */
		D077C54923E3C58B00CFDCAC /* LaunchScreen.storyboard */ = {
			isa = PBXVariantGroup;
			children = (
				D077C54A23E3C58B00CFDCAC /* Base */,
			);
			name = LaunchScreen.storyboard;
			sourceTree = "<group>";
		};
/* End PBXVariantGroup section */

/* Begin XCBuildConfiguration section */
		D077C54D23E3C58B00CFDCAC /* Debug */ = {
			isa = XCBuildConfiguration;
			buildSettings = {
				ALWAYS_SEARCH_USER_PATHS = NO;
				CLANG_ANALYZER_NONNULL = YES;
				CLANG_ANALYZER_NUMBER_OBJECT_CONVERSION = YES_AGGRESSIVE;
				CLANG_CXX_LANGUAGE_STANDARD = "gnu++14";
				CLANG_CXX_LIBRARY = "libc++";
				CLANG_ENABLE_MODULES = YES;
				CLANG_ENABLE_OBJC_ARC = YES;
				CLANG_ENABLE_OBJC_WEAK = YES;
				CLANG_WARN_BLOCK_CAPTURE_AUTORELEASING = YES;
				CLANG_WARN_BOOL_CONVERSION = YES;
				CLANG_WARN_COMMA = YES;
				CLANG_WARN_CONSTANT_CONVERSION = YES;
				CLANG_WARN_DEPRECATED_OBJC_IMPLEMENTATIONS = YES;
				CLANG_WARN_DIRECT_OBJC_ISA_USAGE = YES_ERROR;
				CLANG_WARN_DOCUMENTATION_COMMENTS = YES;
				CLANG_WARN_EMPTY_BODY = YES;
				CLANG_WARN_ENUM_CONVERSION = YES;
				CLANG_WARN_INFINITE_RECURSION = YES;
				CLANG_WARN_INT_CONVERSION = YES;
				CLANG_WARN_NON_LITERAL_NULL_CONVERSION = YES;
				CLANG_WARN_OBJC_IMPLICIT_RETAIN_SELF = YES;
				CLANG_WARN_OBJC_LITERAL_CONVERSION = YES;
				CLANG_WARN_OBJC_ROOT_CLASS = YES_ERROR;
				CLANG_WARN_RANGE_LOOP_ANALYSIS = YES;
				CLANG_WARN_STRICT_PROTOTYPES = YES;
				CLANG_WARN_SUSPICIOUS_MOVE = YES;
				CLANG_WARN_UNGUARDED_AVAILABILITY = YES_AGGRESSIVE;
				CLANG_WARN_UNREACHABLE_CODE = YES;
				CLANG_WARN__DUPLICATE_METHOD_MATCH = YES;
				COPY_PHASE_STRIP = NO;
				DEBUG_INFORMATION_FORMAT = dwarf;
				ENABLE_STRICT_OBJC_MSGSEND = YES;
				ENABLE_TESTABILITY = YES;
				GCC_C_LANGUAGE_STANDARD = gnu11;
				GCC_DYNAMIC_NO_PIC = NO;
				GCC_NO_COMMON_BLOCKS = YES;
				GCC_OPTIMIZATION_LEVEL = 0;
				GCC_PREPROCESSOR_DEFINITIONS = (
					"DEBUG=1",
					"$(inherited)",
				);
				GCC_WARN_64_TO_32_BIT_CONVERSION = YES;
				GCC_WARN_ABOUT_RETURN_TYPE = YES_ERROR;
				GCC_WARN_UNDECLARED_SELECTOR = YES;
				GCC_WARN_UNINITIALIZED_AUTOS = YES_AGGRESSIVE;
				GCC_WARN_UNUSED_FUNCTION = YES;
				GCC_WARN_UNUSED_VARIABLE = YES;
				IPHONEOS_DEPLOYMENT_TARGET = 13.2;
				MTL_ENABLE_DEBUG_INFO = INCLUDE_SOURCE;
				MTL_FAST_MATH = YES;
				ONLY_ACTIVE_ARCH = YES;
				SDKROOT = iphoneos;
				SWIFT_ACTIVE_COMPILATION_CONDITIONS = DEBUG;
				SWIFT_OPTIMIZATION_LEVEL = "-Onone";
			};
			name = Debug;
		};
		D077C54E23E3C58B00CFDCAC /* Release */ = {
			isa = XCBuildConfiguration;
			buildSettings = {
				ALWAYS_SEARCH_USER_PATHS = NO;
				CLANG_ANALYZER_NONNULL = YES;
				CLANG_ANALYZER_NUMBER_OBJECT_CONVERSION = YES_AGGRESSIVE;
				CLANG_CXX_LANGUAGE_STANDARD = "gnu++14";
				CLANG_CXX_LIBRARY = "libc++";
				CLANG_ENABLE_MODULES = YES;
				CLANG_ENABLE_OBJC_ARC = YES;
				CLANG_ENABLE_OBJC_WEAK = YES;
				CLANG_WARN_BLOCK_CAPTURE_AUTORELEASING = YES;
				CLANG_WARN_BOOL_CONVERSION = YES;
				CLANG_WARN_COMMA = YES;
				CLANG_WARN_CONSTANT_CONVERSION = YES;
				CLANG_WARN_DEPRECATED_OBJC_IMPLEMENTATIONS = YES;
				CLANG_WARN_DIRECT_OBJC_ISA_USAGE = YES_ERROR;
				CLANG_WARN_DOCUMENTATION_COMMENTS = YES;
				CLANG_WARN_EMPTY_BODY = YES;
				CLANG_WARN_ENUM_CONVERSION = YES;
				CLANG_WARN_INFINITE_RECURSION = YES;
				CLANG_WARN_INT_CONVERSION = YES;
				CLANG_WARN_NON_LITERAL_NULL_CONVERSION = YES;
				CLANG_WARN_OBJC_IMPLICIT_RETAIN_SELF = YES;
				CLANG_WARN_OBJC_LITERAL_CONVERSION = YES;
				CLANG_WARN_OBJC_ROOT_CLASS = YES_ERROR;
				CLANG_WARN_RANGE_LOOP_ANALYSIS = YES;
				CLANG_WARN_STRICT_PROTOTYPES = YES;
				CLANG_WARN_SUSPICIOUS_MOVE = YES;
				CLANG_WARN_UNGUARDED_AVAILABILITY = YES_AGGRESSIVE;
				CLANG_WARN_UNREACHABLE_CODE = YES;
				CLANG_WARN__DUPLICATE_METHOD_MATCH = YES;
				COPY_PHASE_STRIP = NO;
				DEBUG_INFORMATION_FORMAT = "dwarf-with-dsym";
				ENABLE_NS_ASSERTIONS = NO;
				ENABLE_STRICT_OBJC_MSGSEND = YES;
				GCC_C_LANGUAGE_STANDARD = gnu11;
				GCC_NO_COMMON_BLOCKS = YES;
				GCC_WARN_64_TO_32_BIT_CONVERSION = YES;
				GCC_WARN_ABOUT_RETURN_TYPE = YES_ERROR;
				GCC_WARN_UNDECLARED_SELECTOR = YES;
				GCC_WARN_UNINITIALIZED_AUTOS = YES_AGGRESSIVE;
				GCC_WARN_UNUSED_FUNCTION = YES;
				GCC_WARN_UNUSED_VARIABLE = YES;
				IPHONEOS_DEPLOYMENT_TARGET = 13.2;
				MTL_ENABLE_DEBUG_INFO = NO;
				MTL_FAST_MATH = YES;
				SDKROOT = iphoneos;
				SWIFT_COMPILATION_MODE = wholemodule;
				SWIFT_OPTIMIZATION_LEVEL = "-O";
				VALIDATE_PRODUCT = YES;
			};
			name = Release;
		};
		D077C55023E3C58B00CFDCAC /* Debug */ = {
			isa = XCBuildConfiguration;
			buildSettings = {
				ASSETCATALOG_COMPILER_APPICON_NAME = AppIcon;
				CODE_SIGN_STYLE = Automatic;
				DEVELOPMENT_TEAM = CTS4AK7GFW;
				INFOPLIST_FILE = GHFollowers/Info.plist;
				LD_RUNPATH_SEARCH_PATHS = (
					"$(inherited)",
					"@executable_path/Frameworks",
				);
				PRODUCT_BUNDLE_IDENTIFIER = phoenix.GHFollowers;
				PRODUCT_NAME = "$(TARGET_NAME)";
				SWIFT_VERSION = 5.0;
				TARGETED_DEVICE_FAMILY = 1;
			};
			name = Debug;
		};
		D077C55123E3C58B00CFDCAC /* Release */ = {
			isa = XCBuildConfiguration;
			buildSettings = {
				ASSETCATALOG_COMPILER_APPICON_NAME = AppIcon;
				CODE_SIGN_STYLE = Automatic;
				DEVELOPMENT_TEAM = CTS4AK7GFW;
				INFOPLIST_FILE = GHFollowers/Info.plist;
				LD_RUNPATH_SEARCH_PATHS = (
					"$(inherited)",
					"@executable_path/Frameworks",
				);
				PRODUCT_BUNDLE_IDENTIFIER = phoenix.GHFollowers;
				PRODUCT_NAME = "$(TARGET_NAME)";
				SWIFT_VERSION = 5.0;
				TARGETED_DEVICE_FAMILY = 1;
			};
			name = Release;
		};
/* End XCBuildConfiguration section */

/* Begin XCConfigurationList section */
		D077C53623E3C58800CFDCAC /* Build configuration list for PBXProject "GHFollowers" */ = {
			isa = XCConfigurationList;
			buildConfigurations = (
				D077C54D23E3C58B00CFDCAC /* Debug */,
				D077C54E23E3C58B00CFDCAC /* Release */,
			);
			defaultConfigurationIsVisible = 0;
			defaultConfigurationName = Release;
		};
		D077C54F23E3C58B00CFDCAC /* Build configuration list for PBXNativeTarget "GHFollowers" */ = {
			isa = XCConfigurationList;
			buildConfigurations = (
				D077C55023E3C58B00CFDCAC /* Debug */,
				D077C55123E3C58B00CFDCAC /* Release */,
			);
			defaultConfigurationIsVisible = 0;
			defaultConfigurationName = Release;
		};
/* End XCConfigurationList section */
	};
	rootObject = D077C53323E3C58800CFDCAC /* Project object */;
}
